
Microsoft Visual Studio Solution File, Format Version 12.00
# Visual Studio Version 16
VisualStudioVersion = 16.0.29403.142
MinimumVisualStudioVersion = 10.0.40219.1
Project("{FAE04EC0-301F-11D3-BF4B-00C04F79EFBC}") = "Zad1_slownik", "Zad3\Zad1_slownik.csproj", "{B57A1CC3-CEFB-4618-82D5-498F80451315}"
EndProject
Global
	GlobalSection(SolutionConfigurationPlatforms) = preSolution
		Debug|Any CPU = Debug|Any CPU
		Release|Any CPU = Release|Any CPU
	EndGlobalSection
	GlobalSection(ProjectConfigurationPlatforms) = postSolution
		{B57A1CC3-CEFB-4618-82D5-498F80451315}.Debug|Any CPU.ActiveCfg = Debug|Any CPU
		{B57A1CC3-CEFB-4618-82D5-498F80451315}.Debug|Any CPU.Build.0 = Debug|Any CPU
		{B57A1CC3-CEFB-4618-82D5-498F80451315}.Release|Any CPU.ActiveCfg = Release|Any CPU
		{B57A1CC3-CEFB-4618-82D5-498F80451315}.Release|Any CPU.Build.0 = Release|Any CPU
	EndGlobalSection
	GlobalSection(SolutionProperties) = preSolution
		HideSolutionNode = FALSE
	EndGlobalSection
	GlobalSection(ExtensibilityGlobals) = postSolution
		SolutionGuid = {E9E24152-7618-44D2-B413-615779777BF0}
	EndGlobalSection
EndGlobal
